github.com/ncw/gmp v1.0.4 h1:/f+vRpbpMIqDWfTGqYgCIuhoVfiyVf0ygsnwayqjGwU=
github.com/ncw/gmp v1.0.4/go.mod h1:cDbCx93DFhzP32H3rnwwt6QnIXNL5wu4jLPCNaExheI=
github.com/t-pwk/go-fibonacci v1.0.0 h1:DkoaBQ+kG4LvT7ujl8/PrnqjD2tF/tqZwOuRw75fb9E=
github.com/t-pwk/go-fibonacci v1.0.0/go.mod h1:CKc6Kz++tnoyGd5fnNGOGurF5v+K0ztnc/GDBnR6ROA=
